// !$*UTF8*$!
{
	archiveVersion = 1;
	classes = {
	};
	objectVersion = 46;
	objects = {

/* Begin PBXBuildFile section */
		4D18ACBF1F260801005363A4 /* TencentOpenAPI.framework in Frameworks */ = {isa = PBXBuildFile; fileRef = 4D18ACBD1F260801005363A4 /* TencentOpenAPI.framework */; };
		4D18ACC01F260801005363A4 /* TencentOpenApi_IOS_Bundle.bundle in Resources */ = {isa = PBXBuildFile; fileRef = 4D18ACBE1F260801005363A4 /* TencentOpenApi_IOS_Bundle.bundle */; };
		4D18ACC31F260817005363A4 /* Security.framework in Frameworks */ = {isa = PBXBuildFile; fileRef = 4D18ACC21F260817005363A4 /* Security.framework */; };
		4D18ACC51F26081F005363A4 /* SystemConfiguration.framework in Frameworks */ = {isa = PBXBuildFile; fileRef = 4D18ACC41F26081F005363A4 /* SystemConfiguration.framework */; };
		4D18ACC71F260827005363A4 /* CoreGraphics.framework in Frameworks */ = {isa = PBXBuildFile; fileRef = 4D18ACC61F260827005363A4 /* CoreGraphics.framework */; };
		4D18ACC91F26082E005363A4 /* CoreTelephony.framework in Frameworks */ = {isa = PBXBuildFile; fileRef = 4D18ACC81F26082E005363A4 /* CoreTelephony.framework */; };
		4D18ACCB1F260837005363A4 /* libiconv.tbd in Frameworks */ = {isa = PBXBuildFile; fileRef = 4D18ACCA1F260837005363A4 /* libiconv.tbd */; };
		4D18ACCD1F26083E005363A4 /* libsqlite3.tbd in Frameworks */ = {isa = PBXBuildFile; fileRef = 4D18ACCC1F26083E005363A4 /* libsqlite3.tbd */; };
		4D18ACCF1F260846005363A4 /* libstdc++.tbd in Frameworks */ = {isa = PBXBuildFile; fileRef = 4D18ACCE1F260846005363A4 /* libstdc++.tbd */; };
		4D18ACD11F26084E005363A4 /* libz.tbd in Frameworks */ = {isa = PBXBuildFile; fileRef = 4D18ACD01F26084E005363A4 /* libz.tbd */; };
		4D18ACD41F261378005363A4 /* TencentShared.swift in Sources */ = {isa = PBXBuildFile; fileRef = 4D18ACD31F261378005363A4 /* TencentShared.swift */; };
		4D1D86131F306307005210CA /* TobeGiftModel.swift in Sources */ = {isa = PBXBuildFile; fileRef = 4D1D86121F306307005210CA /* TobeGiftModel.swift */; };
		4D1D86151F31BA9C005210CA /* EditAddressDialog.swift in Sources */ = {isa = PBXBuildFile; fileRef = 4D1D86141F31BA9C005210CA /* EditAddressDialog.swift */; };
		4D1D86171F31D1FE005210CA /* EditUserInfoDialog.swift in Sources */ = {isa = PBXBuildFile; fileRef = 4D1D86161F31D1FE005210CA /* EditUserInfoDialog.swift */; };
		4D1D86191F31DA17005210CA /* PlayResultDialog.swift in Sources */ = {isa = PBXBuildFile; fileRef = 4D1D86181F31DA17005210CA /* PlayResultDialog.swift */; };
		4D1D861B1F32F78F005210CA /* SelectDateView.swift in Sources */ = {isa = PBXBuildFile; fileRef = 4D1D861A1F32F78F005210CA /* SelectDateView.swift */; };
		4D1D861D1F333299005210CA /* HideView.swift in Sources */ = {isa = PBXBuildFile; fileRef = 4D1D861C1F333299005210CA /* HideView.swift */; };
		4D1D861F1F334461005210CA /* ConstellationUtils.swift in Sources */ = {isa = PBXBuildFile; fileRef = 4D1D861E1F334461005210CA /* ConstellationUtils.swift */; };
		4D1DA0F41F2F4C4300B1138D /* FCHasBennMailedProductCell.swift in Sources */ = {isa = PBXBuildFile; fileRef = 4D1DA0F31F2F4C4300B1138D /* FCHasBennMailedProductCell.swift */; };
		4D1DA0F61F2F4C7000B1138D /* FCMailedConfirmDialog.swift in Sources */ = {isa = PBXBuildFile; fileRef = 4D1DA0F51F2F4C7000B1138D /* FCMailedConfirmDialog.swift */; };
		4D5625161F2605A700515C98 /* AppDelegate.swift in Sources */ = {isa = PBXBuildFile; fileRef = 4D5625151F2605A700515C98 /* AppDelegate.swift */; };
		4D56251D1F2605A700515C98 /* Assets.xcassets in Resources */ = {isa = PBXBuildFile; fileRef = 4D56251C1F2605A700515C98 /* Assets.xcassets */; };
		4D589C741F386EB500C8DBC7 /* CheckIn7DayView.swift in Sources */ = {isa = PBXBuildFile; fileRef = 4D589C731F386EB500C8DBC7 /* CheckIn7DayView.swift */; };
		4D5BF1BD1F3851570091180B /* CheckInDialog.swift in Sources */ = {isa = PBXBuildFile; fileRef = 4D5BF1BC1F3851570091180B /* CheckInDialog.swift */; };
		4D5BF1C01F3853F60091180B /* InviteDialog.swift in Sources */ = {isa = PBXBuildFile; fileRef = 4D5BF1BF1F3853F60091180B /* InviteDialog.swift */; };
		4D64B8931F287FB9002A9BFD /* PlayViewController.swift in Sources */ = {isa = PBXBuildFile; fileRef = 4D64B8921F287FB9002A9BFD /* PlayViewController.swift */; };
		4D64B8951F2885AA002A9BFD /* MainFloatMenu.swift in Sources */ = {isa = PBXBuildFile; fileRef = 4D64B8941F2885AA002A9BFD /* MainFloatMenu.swift */; };
		4D64B8981F29B549002A9BFD /* MainBanner.swift in Sources */ = {isa = PBXBuildFile; fileRef = 4D64B8971F29B549002A9BFD /* MainBanner.swift */; };
		4D64B89C1F29D984002A9BFD /* FastLoginDialog.swift in Sources */ = {isa = PBXBuildFile; fileRef = 4D64B89B1F29D984002A9BFD /* FastLoginDialog.swift */; };
		4D64B89E1F29D9C7002A9BFD /* PhoneNumberDialog.swift in Sources */ = {isa = PBXBuildFile; fileRef = 4D64B89D1F29D9C7002A9BFD /* PhoneNumberDialog.swift */; };
		4D64B8A01F29D9DA002A9BFD /* BaseDialog.swift in Sources */ = {isa = PBXBuildFile; fileRef = 4D64B89F1F29D9DA002A9BFD /* BaseDialog.swift */; };
		4D64B8A21F2ADC50002A9BFD /* MainCustomerTextField.swift in Sources */ = {isa = PBXBuildFile; fileRef = 4D64B8A11F2ADC50002A9BFD /* MainCustomerTextField.swift */; };
		4D64B8A41F2B079E002A9BFD /* LocalDataUtils.swift in Sources */ = {isa = PBXBuildFile; fileRef = 4D64B8A31F2B079E002A9BFD /* LocalDataUtils.swift */; };
		4D82A4521F36C7AD007ADE5C /* UserTools.swift in Sources */ = {isa = PBXBuildFile; fileRef = 4D82A4511F36C7AD007ADE5C /* UserTools.swift */; };
		4D82A4551F36D33B007ADE5C /* Skranji-Bold.ttf in Resources */ = {isa = PBXBuildFile; fileRef = 4D82A4531F36D18F007ADE5C /* Skranji-Bold.ttf */; };
		4D82A4591F3721BF007ADE5C /* Fangzhengyuan-cuti.ttf in Resources */ = {isa = PBXBuildFile; fileRef = 4D82A4581F3721A2007ADE5C /* Fangzhengyuan-cuti.ttf */; };
		4D9EBB811F26F163002674DE /* WeChatShared.swift in Sources */ = {isa = PBXBuildFile; fileRef = 4D9EBB801F26F163002674DE /* WeChatShared.swift */; };
		4D9EBB8B1F271C80002674DE /* MainViewController.swift in Sources */ = {isa = PBXBuildFile; fileRef = 4D9EBB8A1F271C80002674DE /* MainViewController.swift */; };
		4D9EBB941F274583002674DE /* MainCollectionViewCell.swift in Sources */ = {isa = PBXBuildFile; fileRef = 4D9EBB931F274583002674DE /* MainCollectionViewCell.swift */; };
		4D9EBB961F276822002674DE /* Constants.swift in Sources */ = {isa = PBXBuildFile; fileRef = 4D9EBB951F276822002674DE /* Constants.swift */; };
		4DCD39B71F2DA5FC002B7F35 /* CustomerControllerButton.swift in Sources */ = {isa = PBXBuildFile; fileRef = 4DCD39B61F2DA5FC002B7F35 /* CustomerControllerButton.swift */; };
		4DCD39BA1F2DBEEB002B7F35 /* CoreMedia.framework in Frameworks */ = {isa = PBXBuildFile; fileRef = 4DCD39B91F2DBEEB002B7F35 /* CoreMedia.framework */; };
		4DCD39BC1F2DBEF8002B7F35 /* CoreMotion.framework in Frameworks */ = {isa = PBXBuildFile; fileRef = 4DCD39BB1F2DBEF8002B7F35 /* CoreMotion.framework */; };
		4DCD39BE1F2DBF09002B7F35 /* VideoToolbox.framework in Frameworks */ = {isa = PBXBuildFile; fileRef = 4DCD39BD1F2DBF09002B7F35 /* VideoToolbox.framework */; };
		4DCD39C01F2DBF16002B7F35 /* AudioToolbox.framework in Frameworks */ = {isa = PBXBuildFile; fileRef = 4DCD39BF1F2DBF16002B7F35 /* AudioToolbox.framework */; };
		4DCD39C21F2DBF35002B7F35 /* AVFoundation.framework in Frameworks */ = {isa = PBXBuildFile; fileRef = 4DCD39C11F2DBF35002B7F35 /* AVFoundation.framework */; };
		4DCD39CB1F2F0D59002B7F35 /* AlipaySDK.framework in Frameworks */ = {isa = PBXBuildFile; fileRef = 4DCD39C91F2F0D58002B7F35 /* AlipaySDK.framework */; };
		4DCD39CC1F2F0D59002B7F35 /* AlipaySDK.bundle in Resources */ = {isa = PBXBuildFile; fileRef = 4DCD39CA1F2F0D59002B7F35 /* AlipaySDK.bundle */; };
		4DCD39CE1F2F0D86002B7F35 /* QuartzCore.framework in Frameworks */ = {isa = PBXBuildFile; fileRef = 4DCD39CD1F2F0D86002B7F35 /* QuartzCore.framework */; };
		4DCD39D01F2F0D9E002B7F35 /* CoreText.framework in Frameworks */ = {isa = PBXBuildFile; fileRef = 4DCD39CF1F2F0D9E002B7F35 /* CoreText.framework */; };
		4DCD39D21F2F0DBB002B7F35 /* CFNetwork.framework in Frameworks */ = {isa = PBXBuildFile; fileRef = 4DCD39D11F2F0DBB002B7F35 /* CFNetwork.framework */; };
		4DCD39D41F2F0DC8002B7F35 /* UIKit.framework in Frameworks */ = {isa = PBXBuildFile; fileRef = 4DCD39D31F2F0DC8002B7F35 /* UIKit.framework */; };
		4DCD39D61F2F0DDE002B7F35 /* Foundation.framework in Frameworks */ = {isa = PBXBuildFile; fileRef = 4DCD39D51F2F0DDE002B7F35 /* Foundation.framework */; };
		4DCD39D81F2F12E9002B7F35 /* PayListDialog.swift in Sources */ = {isa = PBXBuildFile; fileRef = 4DCD39D71F2F12E9002B7F35 /* PayListDialog.swift */; };
		4DCD39DB1F2F31C6002B7F35 /* PayItemTableViewCell.swift in Sources */ = {isa = PBXBuildFile; fileRef = 4DCD39DA1F2F31C6002B7F35 /* PayItemTableViewCell.swift */; };
		4DCD39DD1F2F3CD5002B7F35 /* UserInfoDialog.swift in Sources */ = {isa = PBXBuildFile; fileRef = 4DCD39DC1F2F3CD5002B7F35 /* UserInfoDialog.swift */; };
		4DCD39E11F2F4A2B002B7F35 /* MyGiftDialog.swift in Sources */ = {isa = PBXBuildFile; fileRef = 4DCD39E01F2F4A2B002B7F35 /* MyGiftDialog.swift */; };
		4DCD39E81F2F4B2C002B7F35 /* FCMyGiftCell.swift in Sources */ = {isa = PBXBuildFile; fileRef = 4DCD39E21F2F4B2C002B7F35 /* FCMyGiftCell.swift */; };
		4DCD39E91F2F4B2C002B7F35 /* FCMyGiftHasBeenMailedCell.swift in Sources */ = {isa = PBXBuildFile; fileRef = 4DCD39E31F2F4B2C002B7F35 /* FCMyGiftHasBeenMailedCell.swift */; };
		4DCD39EA1F2F4B2C002B7F35 /* FCMyGiftHasBeenMailedTabViewDelegate.swift in Sources */ = {isa = PBXBuildFile; fileRef = 4DCD39E41F2F4B2C002B7F35 /* FCMyGiftHasBeenMailedTabViewDelegate.swift */; };
		4DCD39EB1F2F4B2C002B7F35 /* FCMyGiftHasBeenProductsDelegate.swift in Sources */ = {isa = PBXBuildFile; fileRef = 4DCD39E51F2F4B2C002B7F35 /* FCMyGiftHasBeenProductsDelegate.swift */; };
		4DCD39EC1F2F4B2C002B7F35 /* FCMyGiftToBeMailedTabViewDelegate.swift in Sources */ = {isa = PBXBuildFile; fileRef = 4DCD39E61F2F4B2C002B7F35 /* FCMyGiftToBeMailedTabViewDelegate.swift */; };
		4DDD2B7C1F283F3D00102A0F /* ToastUtils.swift in Sources */ = {isa = PBXBuildFile; fileRef = 4DDD2B7B1F283F3D00102A0F /* ToastUtils.swift */; };
		4DDD2B7F1F2848FC00102A0F /* MainCustomerLabel.swift in Sources */ = {isa = PBXBuildFile; fileRef = 4DDD2B7E1F2848FC00102A0F /* MainCustomerLabel.swift */; };
		4DDD2B821F2849DC00102A0F /* NetWorkUtils.swift in Sources */ = {isa = PBXBuildFile; fileRef = 4DDD2B811F2849DC00102A0F /* NetWorkUtils.swift */; };
		4DDD2B861F286BC000102A0F /* DeviceTools.swift in Sources */ = {isa = PBXBuildFile; fileRef = 4DDD2B851F286BC000102A0F /* DeviceTools.swift */; };
		958698C56D14F18FE0B94475 /* Pods_FelixFastCatch.framework in Frameworks */ = {isa = PBXBuildFile; fileRef = D7E009E5610C1572048261D2 /* Pods_FelixFastCatch.framework */; };
/* End PBXBuildFile section */

/* Begin PBXFileReference section */
		4D18ACBD1F260801005363A4 /* TencentOpenAPI.framework */ = {isa = PBXFileReference; lastKnownFileType = wrapper.framework; path = TencentOpenAPI.framework; sourceTree = "<group>"; };
		4D18ACBE1F260801005363A4 /* TencentOpenApi_IOS_Bundle.bundle */ = {isa = PBXFileReference; lastKnownFileType = "wrapper.plug-in"; path = TencentOpenApi_IOS_Bundle.bundle; sourceTree = "<group>"; };
		4D18ACC21F260817005363A4 /* Security.framework */ = {isa = PBXFileReference; lastKnownFileType = wrapper.framework; name = Security.framework; path = System/Library/Frameworks/Security.framework; sourceTree = SDKROOT; };
		4D18ACC41F26081F005363A4 /* SystemConfiguration.framework */ = {isa = PBXFileReference; lastKnownFileType = wrapper.framework; name = SystemConfiguration.framework; path = System/Library/Frameworks/SystemConfiguration.framework; sourceTree = SDKROOT; };
		4D18ACC61F260827005363A4 /* CoreGraphics.framework */ = {isa = PBXFileReference; lastKnownFileType = wrapper.framework; name = CoreGraphics.framework; path = System/Library/Frameworks/CoreGraphics.framework; sourceTree = SDKROOT; };
		4D18ACC81F26082E005363A4 /* CoreTelephony.framework */ = {isa = PBXFileReference; lastKnownFileType = wrapper.framework; name = CoreTelephony.framework; path = System/Library/Frameworks/CoreTelephony.framework; sourceTree = SDKROOT; };
		4D18ACCA1F260837005363A4 /* libiconv.tbd */ = {isa = PBXFileReference; lastKnownFileType = "sourcecode.text-based-dylib-definition"; name = libiconv.tbd; path = usr/lib/libiconv.tbd; sourceTree = SDKROOT; };
		4D18ACCC1F26083E005363A4 /* libsqlite3.tbd */ = {isa = PBXFileReference; lastKnownFileType = "sourcecode.text-based-dylib-definition"; name = libsqlite3.tbd; path = usr/lib/libsqlite3.tbd; sourceTree = SDKROOT; };
		4D18ACCE1F260846005363A4 /* libstdc++.tbd */ = {isa = PBXFileReference; lastKnownFileType = "sourcecode.text-based-dylib-definition"; name = "libstdc++.tbd"; path = "usr/lib/libstdc++.tbd"; sourceTree = SDKROOT; };
		4D18ACD01F26084E005363A4 /* libz.tbd */ = {isa = PBXFileReference; lastKnownFileType = "sourcecode.text-based-dylib-definition"; name = libz.tbd; path = usr/lib/libz.tbd; sourceTree = SDKROOT; };
		4D18ACD21F2608F3005363A4 /* Login-header.h */ = {isa = PBXFileReference; lastKnownFileType = sourcecode.c.h; path = "Login-header.h"; sourceTree = "<group>"; };
		4D18ACD31F261378005363A4 /* TencentShared.swift */ = {isa = PBXFileReference; fileEncoding = 4; lastKnownFileType = sourcecode.swift; path = TencentShared.swift; sourceTree = "<group>"; };
		4D1D86121F306307005210CA /* TobeGiftModel.swift */ = {isa = PBXFileReference; fileEncoding = 4; lastKnownFileType = sourcecode.swift; path = TobeGiftModel.swift; sourceTree = "<group>"; };
		4D1D86141F31BA9C005210CA /* EditAddressDialog.swift */ = {isa = PBXFileReference; fileEncoding = 4; lastKnownFileType = sourcecode.swift; path = EditAddressDialog.swift; sourceTree = "<group>"; };
		4D1D86161F31D1FE005210CA /* EditUserInfoDialog.swift */ = {isa = PBXFileReference; fileEncoding = 4; lastKnownFileType = sourcecode.swift; path = EditUserInfoDialog.swift; sourceTree = "<group>"; };
		4D1D86181F31DA17005210CA /* PlayResultDialog.swift */ = {isa = PBXFileReference; fileEncoding = 4; lastKnownFileType = sourcecode.swift; path = PlayResultDialog.swift; sourceTree = "<group>"; };
		4D1D861A1F32F78F005210CA /* SelectDateView.swift */ = {isa = PBXFileReference; fileEncoding = 4; lastKnownFileType = sourcecode.swift; path = SelectDateView.swift; sourceTree = "<group>"; };
		4D1D861C1F333299005210CA /* HideView.swift */ = {isa = PBXFileReference; fileEncoding = 4; lastKnownFileType = sourcecode.swift; path = HideView.swift; sourceTree = "<group>"; };
		4D1D861E1F334461005210CA /* ConstellationUtils.swift */ = {isa = PBXFileReference; fileEncoding = 4; lastKnownFileType = sourcecode.swift; path = ConstellationUtils.swift; sourceTree = "<group>"; };
		4D1DA0F31F2F4C4300B1138D /* FCHasBennMailedProductCell.swift */ = {isa = PBXFileReference; fileEncoding = 4; lastKnownFileType = sourcecode.swift; path = FCHasBennMailedProductCell.swift; sourceTree = "<group>"; };
		4D1DA0F51F2F4C7000B1138D /* FCMailedConfirmDialog.swift */ = {isa = PBXFileReference; fileEncoding = 4; lastKnownFileType = sourcecode.swift; path = FCMailedConfirmDialog.swift; sourceTree = "<group>"; };
		4D5625121F2605A700515C98 /* FelixFastCatch.app */ = {isa = PBXFileReference; explicitFileType = wrapper.application; includeInIndex = 0; path = FelixFastCatch.app; sourceTree = BUILT_PRODUCTS_DIR; };
		4D5625151F2605A700515C98 /* AppDelegate.swift */ = {isa = PBXFileReference; lastKnownFileType = sourcecode.swift; path = AppDelegate.swift; sourceTree = "<group>"; };
		4D56251C1F2605A700515C98 /* Assets.xcassets */ = {isa = PBXFileReference; lastKnownFileType = folder.assetcatalog; path = Assets.xcassets; sourceTree = "<group>"; };
		4D5625211F2605A700515C98 /* Info.plist */ = {isa = PBXFileReference; lastKnownFileType = text.plist.xml; path = Info.plist; sourceTree = "<group>"; };
		4D589C731F386EB500C8DBC7 /* CheckIn7DayView.swift */ = {isa = PBXFileReference; lastKnownFileType = sourcecode.swift; path = CheckIn7DayView.swift; sourceTree = "<group>"; };
		4D5BF1BC1F3851570091180B /* CheckInDialog.swift */ = {isa = PBXFileReference; fileEncoding = 4; lastKnownFileType = sourcecode.swift; path = CheckInDialog.swift; sourceTree = "<group>"; };
		4D5BF1BF1F3853F60091180B /* InviteDialog.swift */ = {isa = PBXFileReference; fileEncoding = 4; lastKnownFileType = sourcecode.swift; path = InviteDialog.swift; sourceTree = "<group>"; };
		4D64B8921F287FB9002A9BFD /* PlayViewController.swift */ = {isa = PBXFileReference; fileEncoding = 4; lastKnownFileType = sourcecode.swift; path = PlayViewController.swift; sourceTree = "<group>"; };
		4D64B8941F2885AA002A9BFD /* MainFloatMenu.swift */ = {isa = PBXFileReference; fileEncoding = 4; lastKnownFileType = sourcecode.swift; path = MainFloatMenu.swift; sourceTree = "<group>"; };
		4D64B8971F29B549002A9BFD /* MainBanner.swift */ = {isa = PBXFileReference; fileEncoding = 4; lastKnownFileType = sourcecode.swift; path = MainBanner.swift; sourceTree = "<group>"; };
		4D64B89B1F29D984002A9BFD /* FastLoginDialog.swift */ = {isa = PBXFileReference; fileEncoding = 4; lastKnownFileType = sourcecode.swift; path = FastLoginDialog.swift; sourceTree = "<group>"; };
		4D64B89D1F29D9C7002A9BFD /* PhoneNumberDialog.swift */ = {isa = PBXFileReference; fileEncoding = 4; lastKnownFileType = sourcecode.swift; path = PhoneNumberDialog.swift; sourceTree = "<group>"; };
		4D64B89F1F29D9DA002A9BFD /* BaseDialog.swift */ = {isa = PBXFileReference; fileEncoding = 4; lastKnownFileType = sourcecode.swift; path = BaseDialog.swift; sourceTree = "<group>"; };
		4D64B8A11F2ADC50002A9BFD /* MainCustomerTextField.swift */ = {isa = PBXFileReference; fileEncoding = 4; lastKnownFileType = sourcecode.swift; path = MainCustomerTextField.swift; sourceTree = "<group>"; };
		4D64B8A31F2B079E002A9BFD /* LocalDataUtils.swift */ = {isa = PBXFileReference; fileEncoding = 4; lastKnownFileType = sourcecode.swift; path = LocalDataUtils.swift; sourceTree = "<group>"; };
		4D82A4511F36C7AD007ADE5C /* UserTools.swift */ = {isa = PBXFileReference; fileEncoding = 4; lastKnownFileType = sourcecode.swift; path = UserTools.swift; sourceTree = "<group>"; };
		4D82A4531F36D18F007ADE5C /* Skranji-Bold.ttf */ = {isa = PBXFileReference; lastKnownFileType = file; path = "Skranji-Bold.ttf"; sourceTree = "<group>"; };
		4D82A4581F3721A2007ADE5C /* Fangzhengyuan-cuti.ttf */ = {isa = PBXFileReference; lastKnownFileType = file; path = "Fangzhengyuan-cuti.ttf"; sourceTree = "<group>"; };
		4D9EBB801F26F163002674DE /* WeChatShared.swift */ = {isa = PBXFileReference; fileEncoding = 4; lastKnownFileType = sourcecode.swift; path = WeChatShared.swift; sourceTree = "<group>"; };
		4D9EBB8A1F271C80002674DE /* MainViewController.swift */ = {isa = PBXFileReference; fileEncoding = 4; lastKnownFileType = sourcecode.swift; path = MainViewController.swift; sourceTree = "<group>"; };
		4D9EBB931F274583002674DE /* MainCollectionViewCell.swift */ = {isa = PBXFileReference; fileEncoding = 4; lastKnownFileType = sourcecode.swift; path = MainCollectionViewCell.swift; sourceTree = "<group>"; };
		4D9EBB951F276822002674DE /* Constants.swift */ = {isa = PBXFileReference; fileEncoding = 4; lastKnownFileType = sourcecode.swift; path = Constants.swift; sourceTree = "<group>"; };
		4DCD39B61F2DA5FC002B7F35 /* CustomerControllerButton.swift */ = {isa = PBXFileReference; fileEncoding = 4; lastKnownFileType = sourcecode.swift; path = CustomerControllerButton.swift; sourceTree = "<group>"; };
		4DCD39B91F2DBEEB002B7F35 /* CoreMedia.framework */ = {isa = PBXFileReference; lastKnownFileType = wrapper.framework; name = CoreMedia.framework; path = System/Library/Frameworks/CoreMedia.framework; sourceTree = SDKROOT; };
		4DCD39BB1F2DBEF8002B7F35 /* CoreMotion.framework */ = {isa = PBXFileReference; lastKnownFileType = wrapper.framework; name = CoreMotion.framework; path = System/Library/Frameworks/CoreMotion.framework; sourceTree = SDKROOT; };
		4DCD39BD1F2DBF09002B7F35 /* VideoToolbox.framework */ = {isa = PBXFileReference; lastKnownFileType = wrapper.framework; name = VideoToolbox.framework; path = System/Library/Frameworks/VideoToolbox.framework; sourceTree = SDKROOT; };
		4DCD39BF1F2DBF16002B7F35 /* AudioToolbox.framework */ = {isa = PBXFileReference; lastKnownFileType = wrapper.framework; name = AudioToolbox.framework; path = System/Library/Frameworks/AudioToolbox.framework; sourceTree = SDKROOT; };
		4DCD39C11F2DBF35002B7F35 /* AVFoundation.framework */ = {isa = PBXFileReference; lastKnownFileType = wrapper.framework; name = AVFoundation.framework; path = System/Library/Frameworks/AVFoundation.framework; sourceTree = SDKROOT; };
		4DCD39C91F2F0D58002B7F35 /* AlipaySDK.framework */ = {isa = PBXFileReference; lastKnownFileType = wrapper.framework; path = AlipaySDK.framework; sourceTree = "<group>"; };
		4DCD39CA1F2F0D59002B7F35 /* AlipaySDK.bundle */ = {isa = PBXFileReference; lastKnownFileType = "wrapper.plug-in"; path = AlipaySDK.bundle; sourceTree = "<group>"; };
		4DCD39CD1F2F0D86002B7F35 /* QuartzCore.framework */ = {isa = PBXFileReference; lastKnownFileType = wrapper.framework; name = QuartzCore.framework; path = System/Library/Frameworks/QuartzCore.framework; sourceTree = SDKROOT; };
		4DCD39CF1F2F0D9E002B7F35 /* CoreText.framework */ = {isa = PBXFileReference; lastKnownFileType = wrapper.framework; name = CoreText.framework; path = System/Library/Frameworks/CoreText.framework; sourceTree = SDKROOT; };
		4DCD39D11F2F0DBB002B7F35 /* CFNetwork.framework */ = {isa = PBXFileReference; lastKnownFileType = wrapper.framework; name = CFNetwork.framework; path = System/Library/Frameworks/CFNetwork.framework; sourceTree = SDKROOT; };
		4DCD39D31F2F0DC8002B7F35 /* UIKit.framework */ = {isa = PBXFileReference; lastKnownFileType = wrapper.framework; name = UIKit.framework; path = System/Library/Frameworks/UIKit.framework; sourceTree = SDKROOT; };
		4DCD39D51F2F0DDE002B7F35 /* Foundation.framework */ = {isa = PBXFileReference; lastKnownFileType = wrapper.framework; name = Foundation.framework; path = System/Library/Frameworks/Foundation.framework; sourceTree = SDKROOT; };
		4DCD39D71F2F12E9002B7F35 /* PayListDialog.swift */ = {isa = PBXFileReference; fileEncoding = 4; lastKnownFileType = sourcecode.swift; path = PayListDialog.swift; sourceTree = "<group>"; };
		4DCD39DA1F2F31C6002B7F35 /* PayItemTableViewCell.swift */ = {isa = PBXFileReference; fileEncoding = 4; lastKnownFileType = sourcecode.swift; path = PayItemTableViewCell.swift; sourceTree = "<group>"; };
		4DCD39DC1F2F3CD5002B7F35 /* UserInfoDialog.swift */ = {isa = PBXFileReference; fileEncoding = 4; lastKnownFileType = sourcecode.swift; path = UserInfoDialog.swift; sourceTree = "<group>"; };
		4DCD39E01F2F4A2B002B7F35 /* MyGiftDialog.swift */ = {isa = PBXFileReference; fileEncoding = 4; lastKnownFileType = sourcecode.swift; path = MyGiftDialog.swift; sourceTree = "<group>"; };
		4DCD39E21F2F4B2C002B7F35 /* FCMyGiftCell.swift */ = {isa = PBXFileReference; fileEncoding = 4; lastKnownFileType = sourcecode.swift; path = FCMyGiftCell.swift; sourceTree = "<group>"; };
		4DCD39E31F2F4B2C002B7F35 /* FCMyGiftHasBeenMailedCell.swift */ = {isa = PBXFileReference; fileEncoding = 4; lastKnownFileType = sourcecode.swift; path = FCMyGiftHasBeenMailedCell.swift; sourceTree = "<group>"; };
		4DCD39E41F2F4B2C002B7F35 /* FCMyGiftHasBeenMailedTabViewDelegate.swift */ = {isa = PBXFileReference; fileEncoding = 4; lastKnownFileType = sourcecode.swift; path = FCMyGiftHasBeenMailedTabViewDelegate.swift; sourceTree = "<group>"; };
		4DCD39E51F2F4B2C002B7F35 /* FCMyGiftHasBeenProductsDelegate.swift */ = {isa = PBXFileReference; fileEncoding = 4; lastKnownFileType = sourcecode.swift; path = FCMyGiftHasBeenProductsDelegate.swift; sourceTree = "<group>"; };
		4DCD39E61F2F4B2C002B7F35 /* FCMyGiftToBeMailedTabViewDelegate.swift */ = {isa = PBXFileReference; fileEncoding = 4; lastKnownFileType = sourcecode.swift; path = FCMyGiftToBeMailedTabViewDelegate.swift; sourceTree = "<group>"; };
		4DDD2B7B1F283F3D00102A0F /* ToastUtils.swift */ = {isa = PBXFileReference; fileEncoding = 4; lastKnownFileType = sourcecode.swift; path = ToastUtils.swift; sourceTree = "<group>"; };
		4DDD2B7E1F2848FC00102A0F /* MainCustomerLabel.swift */ = {isa = PBXFileReference; fileEncoding = 4; lastKnownFileType = sourcecode.swift; path = MainCustomerLabel.swift; sourceTree = "<group>"; };
		4DDD2B811F2849DC00102A0F /* NetWorkUtils.swift */ = {isa = PBXFileReference; fileEncoding = 4; lastKnownFileType = sourcecode.swift; path = NetWorkUtils.swift; sourceTree = "<group>"; };
		4DDD2B851F286BC000102A0F /* DeviceTools.swift */ = {isa = PBXFileReference; fileEncoding = 4; lastKnownFileType = sourcecode.swift; path = DeviceTools.swift; sourceTree = "<group>"; };
		9DA239CE4A7A8989C9E6EAED /* Pods-FelixFastCatch.release.xcconfig */ = {isa = PBXFileReference; includeInIndex = 1; lastKnownFileType = text.xcconfig; name = "Pods-FelixFastCatch.release.xcconfig"; path = "Pods/Target Support Files/Pods-FelixFastCatch/Pods-FelixFastCatch.release.xcconfig"; sourceTree = "<group>"; };
		D7E009E5610C1572048261D2 /* Pods_FelixFastCatch.framework */ = {isa = PBXFileReference; explicitFileType = wrapper.framework; includeInIndex = 0; path = Pods_FelixFastCatch.framework; sourceTree = BUILT_PRODUCTS_DIR; };
		DFC6B4F6BC202EA7BB7FDC1F /* Pods-FelixFastCatch.debug.xcconfig */ = {isa = PBXFileReference; includeInIndex = 1; lastKnownFileType = text.xcconfig; name = "Pods-FelixFastCatch.debug.xcconfig"; path = "Pods/Target Support Files/Pods-FelixFastCatch/Pods-FelixFastCatch.debug.xcconfig"; sourceTree = "<group>"; };
/* End PBXFileReference section */

/* Begin PBXFrameworksBuildPhase section */
		4D56250F1F2605A700515C98 /* Frameworks */ = {
			isa = PBXFrameworksBuildPhase;
			buildActionMask = 2147483647;
			files = (
				4DCD39D61F2F0DDE002B7F35 /* Foundation.framework in Frameworks */,
				4DCD39D41F2F0DC8002B7F35 /* UIKit.framework in Frameworks */,
				4DCD39D21F2F0DBB002B7F35 /* CFNetwork.framework in Frameworks */,
				4DCD39D01F2F0D9E002B7F35 /* CoreText.framework in Frameworks */,
				4DCD39CE1F2F0D86002B7F35 /* QuartzCore.framework in Frameworks */,
				4DCD39C21F2DBF35002B7F35 /* AVFoundation.framework in Frameworks */,
				4DCD39CB1F2F0D59002B7F35 /* AlipaySDK.framework in Frameworks */,
				4DCD39C01F2DBF16002B7F35 /* AudioToolbox.framework in Frameworks */,
				4DCD39BE1F2DBF09002B7F35 /* VideoToolbox.framework in Frameworks */,
				4DCD39BC1F2DBEF8002B7F35 /* CoreMotion.framework in Frameworks */,
				4DCD39BA1F2DBEEB002B7F35 /* CoreMedia.framework in Frameworks */,
				4D18ACD11F26084E005363A4 /* libz.tbd in Frameworks */,
				4D18ACCF1F260846005363A4 /* libstdc++.tbd in Frameworks */,
				4D18ACCD1F26083E005363A4 /* libsqlite3.tbd in Frameworks */,
				4D18ACCB1F260837005363A4 /* libiconv.tbd in Frameworks */,
				4D18ACC91F26082E005363A4 /* CoreTelephony.framework in Frameworks */,
				4D18ACC71F260827005363A4 /* CoreGraphics.framework in Frameworks */,
				4D18ACC51F26081F005363A4 /* SystemConfiguration.framework in Frameworks */,
				4D18ACC31F260817005363A4 /* Security.framework in Frameworks */,
				4D18ACBF1F260801005363A4 /* TencentOpenAPI.framework in Frameworks */,
				958698C56D14F18FE0B94475 /* Pods_FelixFastCatch.framework in Frameworks */,
			);
			runOnlyForDeploymentPostprocessing = 0;
		};
/* End PBXFrameworksBuildPhase section */

/* Begin PBXGroup section */
		4D18ACC11F260816005363A4 /* Frameworks */ = {
			isa = PBXGroup;
			children = (
				4DCD39D51F2F0DDE002B7F35 /* Foundation.framework */,
				4DCD39D31F2F0DC8002B7F35 /* UIKit.framework */,
				4DCD39D11F2F0DBB002B7F35 /* CFNetwork.framework */,
				4DCD39CF1F2F0D9E002B7F35 /* CoreText.framework */,
				4DCD39CD1F2F0D86002B7F35 /* QuartzCore.framework */,
				4DCD39C11F2DBF35002B7F35 /* AVFoundation.framework */,
				4DCD39BF1F2DBF16002B7F35 /* AudioToolbox.framework */,
				4DCD39BD1F2DBF09002B7F35 /* VideoToolbox.framework */,
				4DCD39BB1F2DBEF8002B7F35 /* CoreMotion.framework */,
				4DCD39B91F2DBEEB002B7F35 /* CoreMedia.framework */,
				4D18ACD01F26084E005363A4 /* libz.tbd */,
				4D18ACCE1F260846005363A4 /* libstdc++.tbd */,
				4D18ACCC1F26083E005363A4 /* libsqlite3.tbd */,
				4D18ACCA1F260837005363A4 /* libiconv.tbd */,
				4D18ACC81F26082E005363A4 /* CoreTelephony.framework */,
				4D18ACC61F260827005363A4 /* CoreGraphics.framework */,
				4D18ACC41F26081F005363A4 /* SystemConfiguration.framework */,
				4D18ACC21F260817005363A4 /* Security.framework */,
				D7E009E5610C1572048261D2 /* Pods_FelixFastCatch.framework */,
			);
			name = Frameworks;
			sourceTree = "<group>";
		};
		4D1D86111F3062F2005210CA /* TobeGift */ = {
			isa = PBXGroup;
			children = (
				4D1D86121F306307005210CA /* TobeGiftModel.swift */,
			);
			path = TobeGift;
			sourceTree = "<group>";
		};
		4D5625091F2605A700515C98 = {
			isa = PBXGroup;
			children = (
				4D5625141F2605A700515C98 /* FelixFastCatch */,
				4D5625131F2605A700515C98 /* Products */,
				4D18ACC11F260816005363A4 /* Frameworks */,
				86C29A63B7571C0DB24E59E0 /* Pods */,
			);
			sourceTree = "<group>";
		};
		4D5625131F2605A700515C98 /* Products */ = {
			isa = PBXGroup;
			children = (
				4D5625121F2605A700515C98 /* FelixFastCatch.app */,
			);
			name = Products;
			sourceTree = "<group>";
		};
		4D5625141F2605A700515C98 /* FelixFastCatch */ = {
			isa = PBXGroup;
			children = (
				4D82A4581F3721A2007ADE5C /* Fangzhengyuan-cuti.ttf */,
				4D82A4531F36D18F007ADE5C /* Skranji-Bold.ttf */,
				4DCD39C91F2F0D58002B7F35 /* AlipaySDK.framework */,
				4DCD39CA1F2F0D59002B7F35 /* AlipaySDK.bundle */,
				4D18ACBD1F260801005363A4 /* TencentOpenAPI.framework */,
				4D18ACBE1F260801005363A4 /* TencentOpenApi_IOS_Bundle.bundle */,
				4D5625151F2605A700515C98 /* AppDelegate.swift */,
				4D9EBB831F271BD2002674DE /* Classes */,
				4D56251C1F2605A700515C98 /* Assets.xcassets */,
				4D5625211F2605A700515C98 /* Info.plist */,
				4D18ACD21F2608F3005363A4 /* Login-header.h */,
				4D18ACD31F261378005363A4 /* TencentShared.swift */,
				4D9EBB801F26F163002674DE /* WeChatShared.swift */,
			);
			path = FelixFastCatch;
			sourceTree = "<group>";
		};
		4D5BF1BB1F3851460091180B /* CheckIn */ = {
			isa = PBXGroup;
			children = (
				4D5BF1BC1F3851570091180B /* CheckInDialog.swift */,
			);
			path = CheckIn;
			sourceTree = "<group>";
		};
		4D5BF1BE1F3853E90091180B /* Invite */ = {
			isa = PBXGroup;
			children = (
				4D5BF1BF1F3853F60091180B /* InviteDialog.swift */,
			);
			path = Invite;
			sourceTree = "<group>";
		};
		4D64B8961F29B53D002A9BFD /* Main */ = {
			isa = PBXGroup;
			children = (
				4D64B8971F29B549002A9BFD /* MainBanner.swift */,
			);
			path = Main;
			sourceTree = "<group>";
		};
		4D9EBB831F271BD2002674DE /* Classes */ = {
			isa = PBXGroup;
			children = (
				4D9EBB901F274563002674DE /* Cell */,
				4D9EBB841F271C3A002674DE /* Controller */,
				4D9EBB851F271C3A002674DE /* Model */,
				4D9EBB861F271C3A002674DE /* Tools */,
				4D9EBB871F271C3A002674DE /* View */,
			);
			path = Classes;
			sourceTree = "<group>";
		};
		4D9EBB841F271C3A002674DE /* Controller */ = {
			isa = PBXGroup;
			children = (
				4D9EBB881F271C5C002674DE /* Main */,
				4D9EBB891F271C5C002674DE /* PlayInfo */,
			);
			path = Controller;
			sourceTree = "<group>";
		};
		4D9EBB851F271C3A002674DE /* Model */ = {
			isa = PBXGroup;
			children = (
				4D1D86111F3062F2005210CA /* TobeGift */,
				4D64B8961F29B53D002A9BFD /* Main */,
			);
			path = Model;
			sourceTree = "<group>";
		};
		4D9EBB861F271C3A002674DE /* Tools */ = {
			isa = PBXGroup;
			children = (
				4DDD2B801F2849C600102A0F /* Network */,
				4DDD2B7D1F2848E600102A0F /* widget */,
				4D9EBB951F276822002674DE /* Constants.swift */,
				4DDD2B7B1F283F3D00102A0F /* ToastUtils.swift */,
				4DDD2B851F286BC000102A0F /* DeviceTools.swift */,
				4D64B8A31F2B079E002A9BFD /* LocalDataUtils.swift */,
				4D1D861E1F334461005210CA /* ConstellationUtils.swift */,
				4D82A4511F36C7AD007ADE5C /* UserTools.swift */,
			);
			path = Tools;
			sourceTree = "<group>";
		};
		4D9EBB871F271C3A002674DE /* View */ = {
			isa = PBXGroup;
			children = (
				4D5BF1BE1F3853E90091180B /* Invite */,
				4D5BF1BB1F3851460091180B /* CheckIn */,
				4DCD39DF1F2F4A19002B7F35 /* Gift */,
				4DCD39DE1F2F48DB002B7F35 /* Address */,
				4D9EBB8C1F271CD8002674DE /* Main */,
				4D9EBB8D1F271CD8002674DE /* Pay */,
				4D9EBB8E1F271CD8002674DE /* PlayInfo */,
				4D9EBB8F1F271CD8002674DE /* User */,
				4D64B89F1F29D9DA002A9BFD /* BaseDialog.swift */,
				4D1D861C1F333299005210CA /* HideView.swift */,
			);
			path = View;
			sourceTree = "<group>";
		};
		4D9EBB881F271C5C002674DE /* Main */ = {
			isa = PBXGroup;
			children = (
				4D9EBB8A1F271C80002674DE /* MainViewController.swift */,
				4D1D861A1F32F78F005210CA /* SelectDateView.swift */,
			);
			path = Main;
			sourceTree = "<group>";
		};
		4D9EBB891F271C5C002674DE /* PlayInfo */ = {
			isa = PBXGroup;
			children = (
				4D64B8921F287FB9002A9BFD /* PlayViewController.swift */,
			);
			path = PlayInfo;
			sourceTree = "<group>";
		};
		4D9EBB8C1F271CD8002674DE /* Main */ = {
			isa = PBXGroup;
			children = (
			);
			path = Main;
			sourceTree = "<group>";
		};
		4D9EBB8D1F271CD8002674DE /* Pay */ = {
			isa = PBXGroup;
			children = (
				4DCD39D71F2F12E9002B7F35 /* PayListDialog.swift */,
				4D1D86181F31DA17005210CA /* PlayResultDialog.swift */,
			);
			path = Pay;
			sourceTree = "<group>";
		};
		4D9EBB8E1F271CD8002674DE /* PlayInfo */ = {
			isa = PBXGroup;
			children = (
			);
			path = PlayInfo;
			sourceTree = "<group>";
		};
		4D9EBB8F1F271CD8002674DE /* User */ = {
			isa = PBXGroup;
			children = (
				4D64B89B1F29D984002A9BFD /* FastLoginDialog.swift */,
				4D64B89D1F29D9C7002A9BFD /* PhoneNumberDialog.swift */,
				4DCD39DC1F2F3CD5002B7F35 /* UserInfoDialog.swift */,
				4D1D86161F31D1FE005210CA /* EditUserInfoDialog.swift */,
			);
			path = User;
			sourceTree = "<group>";
		};
		4D9EBB901F274563002674DE /* Cell */ = {
			isa = PBXGroup;
			children = (
				4DCD39D91F2F31AB002B7F35 /* Pay */,
				4D9EBB911F274563002674DE /* Address */,
				4D9EBB921F274563002674DE /* Main */,
			);
			path = Cell;
			sourceTree = "<group>";
		};
		4D9EBB911F274563002674DE /* Address */ = {
			isa = PBXGroup;
			children = (
				4D1DA0F31F2F4C4300B1138D /* FCHasBennMailedProductCell.swift */,
				4DCD39E21F2F4B2C002B7F35 /* FCMyGiftCell.swift */,
				4DCD39E31F2F4B2C002B7F35 /* FCMyGiftHasBeenMailedCell.swift */,
				4DCD39E41F2F4B2C002B7F35 /* FCMyGiftHasBeenMailedTabViewDelegate.swift */,
				4DCD39E51F2F4B2C002B7F35 /* FCMyGiftHasBeenProductsDelegate.swift */,
				4DCD39E61F2F4B2C002B7F35 /* FCMyGiftToBeMailedTabViewDelegate.swift */,
			);
			path = Address;
			sourceTree = "<group>";
		};
		4D9EBB921F274563002674DE /* Main */ = {
			isa = PBXGroup;
			children = (
				4D9EBB931F274583002674DE /* MainCollectionViewCell.swift */,
			);
			path = Main;
			sourceTree = "<group>";
		};
		4DCD39D91F2F31AB002B7F35 /* Pay */ = {
			isa = PBXGroup;
			children = (
				4DCD39DA1F2F31C6002B7F35 /* PayItemTableViewCell.swift */,
			);
			path = Pay;
			sourceTree = "<group>";
		};
		4DCD39DE1F2F48DB002B7F35 /* Address */ = {
			isa = PBXGroup;
			children = (
			);
			path = Address;
			sourceTree = "<group>";
		};
		4DCD39DF1F2F4A19002B7F35 /* Gift */ = {
			isa = PBXGroup;
			children = (
				4D1DA0F51F2F4C7000B1138D /* FCMailedConfirmDialog.swift */,
				4DCD39E01F2F4A2B002B7F35 /* MyGiftDialog.swift */,
				4D1D86141F31BA9C005210CA /* EditAddressDialog.swift */,
			);
			path = Gift;
			sourceTree = "<group>";
		};
		4DDD2B7D1F2848E600102A0F /* widget */ = {
			isa = PBXGroup;
			children = (
				4DDD2B7E1F2848FC00102A0F /* MainCustomerLabel.swift */,
				4D64B8941F2885AA002A9BFD /* MainFloatMenu.swift */,
				4D64B8A11F2ADC50002A9BFD /* MainCustomerTextField.swift */,
				4DCD39B61F2DA5FC002B7F35 /* CustomerControllerButton.swift */,
				4D589C731F386EB500C8DBC7 /* CheckIn7DayView.swift */,
			);
			path = widget;
			sourceTree = "<group>";
		};
		4DDD2B801F2849C600102A0F /* Network */ = {
			isa = PBXGroup;
			children = (
				4DDD2B811F2849DC00102A0F /* NetWorkUtils.swift */,
			);
			path = Network;
			sourceTree = "<group>";
		};
		86C29A63B7571C0DB24E59E0 /* Pods */ = {
			isa = PBXGroup;
			children = (
				DFC6B4F6BC202EA7BB7FDC1F /* Pods-FelixFastCatch.debug.xcconfig */,
				9DA239CE4A7A8989C9E6EAED /* Pods-FelixFastCatch.release.xcconfig */,
			);
			name = Pods;
			sourceTree = "<group>";
		};
/* End PBXGroup section */

/* Begin PBXNativeTarget section */
		4D5625111F2605A700515C98 /* FelixFastCatch */ = {
			isa = PBXNativeTarget;
			buildConfigurationList = 4D5625241F2605A700515C98 /* Build configuration list for PBXNativeTarget "FelixFastCatch" */;
			buildPhases = (
				4674BB04F245C16642CB0503 /* [CP] Check Pods Manifest.lock */,
				4D56250E1F2605A700515C98 /* Sources */,
				4D56250F1F2605A700515C98 /* Frameworks */,
				4D5625101F2605A700515C98 /* Resources */,
				5F7762A85870F3885B6F6947 /* [CP] Embed Pods Frameworks */,
				877900135BC96E7033C8FB30 /* [CP] Copy Pods Resources */,
			);
			buildRules = (
			);
			dependencies = (
			);
			name = FelixFastCatch;
			productName = FelixFastCatch;
			productReference = 4D5625121F2605A700515C98 /* FelixFastCatch.app */;
			productType = "com.apple.product-type.application";
		};
/* End PBXNativeTarget section */

/* Begin PBXProject section */
		4D56250A1F2605A700515C98 /* Project object */ = {
			isa = PBXProject;
			attributes = {
				LastSwiftUpdateCheck = 0830;
				LastUpgradeCheck = 0900;
				ORGANIZATIONNAME = felix;
				TargetAttributes = {
					4D5625111F2605A700515C98 = {
						CreatedOnToolsVersion = 8.3.3;
						DevelopmentTeam = 69R7EJL9NK;
						ProvisioningStyle = Automatic;
						SystemCapabilities = {
							com.apple.BackgroundModes = {
								enabled = 1;
							};
						};
					};
				};
			};
			buildConfigurationList = 4D56250D1F2605A700515C98 /* Build configuration list for PBXProject "FelixFastCatch" */;
			compatibilityVersion = "Xcode 3.2";
			developmentRegion = English;
			hasScannedForEncodings = 0;
			knownRegions = (
				en,
				Base,
			);
			mainGroup = 4D5625091F2605A700515C98;
			productRefGroup = 4D5625131F2605A700515C98 /* Products */;
			projectDirPath = "";
			projectRoot = "";
			targets = (
				4D5625111F2605A700515C98 /* FelixFastCatch */,
			);
		};
/* End PBXProject section */

/* Begin PBXResourcesBuildPhase section */
		4D5625101F2605A700515C98 /* Resources */ = {
			isa = PBXResourcesBuildPhase;
			buildActionMask = 2147483647;
			files = (
				4D82A4591F3721BF007ADE5C /* Fangzhengyuan-cuti.ttf in Resources */,
				4D82A4551F36D33B007ADE5C /* Skranji-Bold.ttf in Resources */,
				4DCD39CC1F2F0D59002B7F35 /* AlipaySDK.bundle in Resources */,
				4D18ACC01F260801005363A4 /* TencentOpenApi_IOS_Bundle.bundle in Resources */,
				4D56251D1F2605A700515C98 /* Assets.xcassets in Resources */,
			);
			runOnlyForDeploymentPostprocessing = 0;
		};
/* End PBXResourcesBuildPhase section */

/* Begin PBXShellScriptBuildPhase section */
		4674BB04F245C16642CB0503 /* [CP] Check Pods Manifest.lock */ = {
			isa = PBXShellScriptBuildPhase;
			buildActionMask = 2147483647;
			files = (
			);
			inputPaths = (
			);
			name = "[CP] Check Pods Manifest.lock";
			outputPaths = (
			);
			runOnlyForDeploymentPostprocessing = 0;
			shellPath = /bin/sh;
			shellScript = "diff \"${PODS_PODFILE_DIR_PATH}/Podfile.lock\" \"${PODS_ROOT}/Manifest.lock\" > /dev/null\nif [ $? != 0 ] ; then\n    # print error to STDERR\n    echo \"error: The sandbox is not in sync with the Podfile.lock. Run 'pod install' or update your CocoaPods installation.\" >&2\n    exit 1\nfi\n";
			showEnvVarsInLog = 0;
		};
		5F7762A85870F3885B6F6947 /* [CP] Embed Pods Frameworks */ = {
			isa = PBXShellScriptBuildPhase;
			buildActionMask = 2147483647;
			files = (
			);
			inputPaths = (
			);
			name = "[CP] Embed Pods Frameworks";
			outputPaths = (
			);
			runOnlyForDeploymentPostprocessing = 0;
			shellPath = /bin/sh;
			shellScript = "\"${SRCROOT}/Pods/Target Support Files/Pods-FelixFastCatch/Pods-FelixFastCatch-frameworks.sh\"\n";
			showEnvVarsInLog = 0;
		};
		877900135BC96E7033C8FB30 /* [CP] Copy Pods Resources */ = {
			isa = PBXShellScriptBuildPhase;
			buildActionMask = 2147483647;
			files = (
			);
			inputPaths = (
			);
			name = "[CP] Copy Pods Resources";
			outputPaths = (
			);
			runOnlyForDeploymentPostprocessing = 0;
			shellPath = /bin/sh;
			shellScript = "\"${SRCROOT}/Pods/Target Support Files/Pods-FelixFastCatch/Pods-FelixFastCatch-resources.sh\"\n";
			showEnvVarsInLog = 0;
		};
/* End PBXShellScriptBuildPhase section */

/* Begin PBXSourcesBuildPhase section */
		4D56250E1F2605A700515C98 /* Sources */ = {
			isa = PBXSourcesBuildPhase;
			buildActionMask = 2147483647;
			files = (
				4DCD39EB1F2F4B2C002B7F35 /* FCMyGiftHasBeenProductsDelegate.swift in Sources */,
				4DDD2B7C1F283F3D00102A0F /* ToastUtils.swift in Sources */,
				4D1D86191F31DA17005210CA /* PlayResultDialog.swift in Sources */,
				4DDD2B861F286BC000102A0F /* DeviceTools.swift in Sources */,
				4D64B8951F2885AA002A9BFD /* MainFloatMenu.swift in Sources */,
				4D64B8A21F2ADC50002A9BFD /* MainCustomerTextField.swift in Sources */,
				4DDD2B7F1F2848FC00102A0F /* MainCustomerLabel.swift in Sources */,
				4D64B89E1F29D9C7002A9BFD /* PhoneNumberDialog.swift in Sources */,
				4D9EBB811F26F163002674DE /* WeChatShared.swift in Sources */,
				4D1DA0F41F2F4C4300B1138D /* FCHasBennMailedProductCell.swift in Sources */,
				4DCD39EA1F2F4B2C002B7F35 /* FCMyGiftHasBeenMailedTabViewDelegate.swift in Sources */,
				4D64B8A01F29D9DA002A9BFD /* BaseDialog.swift in Sources */,
				4D64B8931F287FB9002A9BFD /* PlayViewController.swift in Sources */,
				4D18ACD41F261378005363A4 /* TencentShared.swift in Sources */,
				4DCD39DB1F2F31C6002B7F35 /* PayItemTableViewCell.swift in Sources */,
				4D1D861B1F32F78F005210CA /* SelectDateView.swift in Sources */,
				4D1D86151F31BA9C005210CA /* EditAddressDialog.swift in Sources */,
				4D64B8981F29B549002A9BFD /* MainBanner.swift in Sources */,
				4DDD2B821F2849DC00102A0F /* NetWorkUtils.swift in Sources */,
				4DCD39D81F2F12E9002B7F35 /* PayListDialog.swift in Sources */,
				4D5BF1C01F3853F60091180B /* InviteDialog.swift in Sources */,
				4DCD39E81F2F4B2C002B7F35 /* FCMyGiftCell.swift in Sources */,
				4D9EBB941F274583002674DE /* MainCollectionViewCell.swift in Sources */,
				4D1D86131F306307005210CA /* TobeGiftModel.swift in Sources */,
				4DCD39E11F2F4A2B002B7F35 /* MyGiftDialog.swift in Sources */,
				4D82A4521F36C7AD007ADE5C /* UserTools.swift in Sources */,
				4D1D86171F31D1FE005210CA /* EditUserInfoDialog.swift in Sources */,
				4D1DA0F61F2F4C7000B1138D /* FCMailedConfirmDialog.swift in Sources */,
				4D5625161F2605A700515C98 /* AppDelegate.swift in Sources */,
				4DCD39DD1F2F3CD5002B7F35 /* UserInfoDialog.swift in Sources */,
				4D64B89C1F29D984002A9BFD /* FastLoginDialog.swift in Sources */,
				4DCD39EC1F2F4B2C002B7F35 /* FCMyGiftToBeMailedTabViewDelegate.swift in Sources */,
				4DCD39B71F2DA5FC002B7F35 /* CustomerControllerButton.swift in Sources */,
				4D1D861F1F334461005210CA /* ConstellationUtils.swift in Sources */,
				4D5BF1BD1F3851570091180B /* CheckInDialog.swift in Sources */,
				4DCD39E91F2F4B2C002B7F35 /* FCMyGiftHasBeenMailedCell.swift in Sources */,
				4D64B8A41F2B079E002A9BFD /* LocalDataUtils.swift in Sources */,
				4D9EBB8B1F271C80002674DE /* MainViewController.swift in Sources */,
				4D1D861D1F333299005210CA /* HideView.swift in Sources */,
				4D589C741F386EB500C8DBC7 /* CheckIn7DayView.swift in Sources */,
				4D9EBB961F276822002674DE /* Constants.swift in Sources */,
			);
			runOnlyForDeploymentPostprocessing = 0;
		};
/* End PBXSourcesBuildPhase section */

/* Begin XCBuildConfiguration section */
		4D5625221F2605A700515C98 /* Debug */ = {
			isa = XCBuildConfiguration;
			buildSettings = {
				ALWAYS_SEARCH_USER_PATHS = NO;
				CLANG_ANALYZER_NONNULL = YES;
				CLANG_ANALYZER_NUMBER_OBJECT_CONVERSION = YES_AGGRESSIVE;
				CLANG_CXX_LANGUAGE_STANDARD = "gnu++0x";
				CLANG_CXX_LIBRARY = "libc++";
				CLANG_ENABLE_MODULES = YES;
				CLANG_ENABLE_OBJC_ARC = YES;
				CLANG_WARN_BLOCK_CAPTURE_AUTORELEASING = YES;
				CLANG_WARN_BOOL_CONVERSION = YES;
				CLANG_WARN_COMMA = YES;
				CLANG_WARN_CONSTANT_CONVERSION = YES;
				CLANG_WARN_DIRECT_OBJC_ISA_USAGE = YES_ERROR;
				CLANG_WARN_DOCUMENTATION_COMMENTS = YES;
				CLANG_WARN_EMPTY_BODY = YES;
				CLANG_WARN_ENUM_CONVERSION = YES;
				CLANG_WARN_INFINITE_RECURSION = YES;
				CLANG_WARN_INT_CONVERSION = YES;
				CLANG_WARN_NON_LITERAL_NULL_CONVERSION = YES;
				CLANG_WARN_OBJC_LITERAL_CONVERSION = YES;
				CLANG_WARN_OBJC_ROOT_CLASS = YES_ERROR;
				CLANG_WARN_RANGE_LOOP_ANALYSIS = YES;
				CLANG_WARN_STRICT_PROTOTYPES = YES;
				CLANG_WARN_SUSPICIOUS_MOVE = YES;
				CLANG_WARN_UNREACHABLE_CODE = YES;
				CLANG_WARN__DUPLICATE_METHOD_MATCH = YES;
				"CODE_SIGN_IDENTITY[sdk=iphoneos*]" = "iPhone Developer";
				COPY_PHASE_STRIP = NO;
				DEBUG_INFORMATION_FORMAT = dwarf;
				ENABLE_STRICT_OBJC_MSGSEND = YES;
				ENABLE_TESTABILITY = YES;
				GCC_C_LANGUAGE_STANDARD = gnu99;
				GCC_DYNAMIC_NO_PIC = NO;
				GCC_NO_COMMON_BLOCKS = YES;
				GCC_OPTIMIZATION_LEVEL = 0;
				GCC_PREPROCESSOR_DEFINITIONS = (
					"DEBUG=1",
					"$(inherited)",
				);
				GCC_WARN_64_TO_32_BIT_CONVERSION = YES;
				GCC_WARN_ABOUT_RETURN_TYPE = YES_ERROR;
				GCC_WARN_UNDECLARED_SELECTOR = YES;
				GCC_WARN_UNINITIALIZED_AUTOS = YES_AGGRESSIVE;
				GCC_WARN_UNUSED_FUNCTION = YES;
				GCC_WARN_UNUSED_VARIABLE = YES;
				IPHONEOS_DEPLOYMENT_TARGET = 11.0;
				MTL_ENABLE_DEBUG_INFO = YES;
				ONLY_ACTIVE_ARCH = YES;
				SDKROOT = iphoneos;
				SWIFT_ACTIVE_COMPILATION_CONDITIONS = DEBUG;
				SWIFT_OPTIMIZATION_LEVEL = "-Onone";
				TARGETED_DEVICE_FAMILY = "1,2";
			};
			name = Debug;
		};
		4D5625231F2605A700515C98 /* Release */ = {
			isa = XCBuildConfiguration;
			buildSettings = {
				ALWAYS_SEARCH_USER_PATHS = NO;
				CLANG_ANALYZER_NONNULL = YES;
				CLANG_ANALYZER_NUMBER_OBJECT_CONVERSION = YES_AGGRESSIVE;
				CLANG_CXX_LANGUAGE_STANDARD = "gnu++0x";
				CLANG_CXX_LIBRARY = "libc++";
				CLANG_ENABLE_MODULES = YES;
				CLANG_ENABLE_OBJC_ARC = YES;
				CLANG_WARN_BLOCK_CAPTURE_AUTORELEASING = YES;
				CLANG_WARN_BOOL_CONVERSION = YES;
				CLANG_WARN_COMMA = YES;
				CLANG_WARN_CONSTANT_CONVERSION = YES;
				CLANG_WARN_DIRECT_OBJC_ISA_USAGE = YES_ERROR;
				CLANG_WARN_DOCUMENTATION_COMMENTS = YES;
				CLANG_WARN_EMPTY_BODY = YES;
				CLANG_WARN_ENUM_CONVERSION = YES;
				CLANG_WARN_INFINITE_RECURSION = YES;
				CLANG_WARN_INT_CONVERSION = YES;
				CLANG_WARN_NON_LITERAL_NULL_CONVERSION = YES;
				CLANG_WARN_OBJC_LITERAL_CONVERSION = YES;
				CLANG_WARN_OBJC_ROOT_CLASS = YES_ERROR;
				CLANG_WARN_RANGE_LOOP_ANALYSIS = YES;
				CLANG_WARN_STRICT_PROTOTYPES = YES;
				CLANG_WARN_SUSPICIOUS_MOVE = YES;
				CLANG_WARN_UNREACHABLE_CODE = YES;
				CLANG_WARN__DUPLICATE_METHOD_MATCH = YES;
				"CODE_SIGN_IDENTITY[sdk=iphoneos*]" = "iPhone Developer";
				COPY_PHASE_STRIP = NO;
				DEBUG_INFORMATION_FORMAT = "dwarf-with-dsym";
				ENABLE_NS_ASSERTIONS = NO;
				ENABLE_STRICT_OBJC_MSGSEND = YES;
				GCC_C_LANGUAGE_STANDARD = gnu99;
				GCC_NO_COMMON_BLOCKS = YES;
				GCC_WARN_64_TO_32_BIT_CONVERSION = YES;
				GCC_WARN_ABOUT_RETURN_TYPE = YES_ERROR;
				GCC_WARN_UNDECLARED_SELECTOR = YES;
				GCC_WARN_UNINITIALIZED_AUTOS = YES_AGGRESSIVE;
				GCC_WARN_UNUSED_FUNCTION = YES;
				GCC_WARN_UNUSED_VARIABLE = YES;
				IPHONEOS_DEPLOYMENT_TARGET = 11.0;
				MTL_ENABLE_DEBUG_INFO = NO;
				SDKROOT = iphoneos;
				SWIFT_OPTIMIZATION_LEVEL = "-Owholemodule";
				TARGETED_DEVICE_FAMILY = "1,2";
				VALIDATE_PRODUCT = YES;
			};
			name = Release;
		};
		4D5625251F2605A700515C98 /* Debug */ = {
			isa = XCBuildConfiguration;
			baseConfigurationReference = DFC6B4F6BC202EA7BB7FDC1F /* Pods-FelixFastCatch.debug.xcconfig */;
			buildSettings = {
				ASSETCATALOG_COMPILER_APPICON_NAME = AppIcon;
				ASSETCATALOG_COMPILER_LAUNCHIMAGE_NAME = LaunchImage;
				DEBUG_INFORMATION_FORMAT = dwarf;
				DEVELOPMENT_TEAM = 69R7EJL9NK;
				ENABLE_BITCODE = NO;
				FRAMEWORK_SEARCH_PATHS = (
					"$(inherited)",
					"$(PROJECT_DIR)/FelixFastCatch",
				);
				INFOPLIST_FILE = FelixFastCatch/Info.plist;
				IPHONEOS_DEPLOYMENT_TARGET = 9.0;
				LD_RUNPATH_SEARCH_PATHS = "$(inherited) @executable_path/Frameworks";
				OTHER_LDFLAGS = (
					"$(inherited)",
					"-Objc",
					"-fobjc-arc",
				);
				PODS_ROOT = "$(inherited)";
				PRODUCT_BUNDLE_IDENTIFIER = com.fast.catch;
				PRODUCT_NAME = "$(TARGET_NAME)";
				SWIFT_OBJC_BRIDGING_HEADER = "/Users/lufan/Developer/ios-git/FelixFastCatch/FelixFastCatch/Login-header.h";
				SWIFT_VERSION = 3.0;
			};
			name = Debug;
		};
		4D5625261F2605A700515C98 /* Release */ = {
			isa = XCBuildConfiguration;
			baseConfigurationReference = 9DA239CE4A7A8989C9E6EAED /* Pods-FelixFastCatch.release.xcconfig */;
			buildSettings = {
				ASSETCATALOG_COMPILER_APPICON_NAME = AppIcon;
				ASSETCATALOG_COMPILER_LAUNCHIMAGE_NAME = LaunchImage;
				DEBUG_INFORMATION_FORMAT = dwarf;
				DEVELOPMENT_TEAM = 69R7EJL9NK;
				ENABLE_BITCODE = NO;
				FRAMEWORK_SEARCH_PATHS = (
					"$(inherited)",
					"$(PROJECT_DIR)/FelixFastCatch",
				);
				INFOPLIST_FILE = FelixFastCatch/Info.plist;
				IPHONEOS_DEPLOYMENT_TARGET = 9.0;
				LD_RUNPATH_SEARCH_PATHS = "$(inherited) @executable_path/Frameworks";
				OTHER_LDFLAGS = (
					"$(inherited)",
					"-Objc",
					"-fobjc-arc",
				);
				PODS_ROOT = "$(inherited)";
				PRODUCT_BUNDLE_IDENTIFIER = com.fast.catch;
				PRODUCT_NAME = "$(TARGET_NAME)";
				SWIFT_OBJC_BRIDGING_HEADER = "/Users/lufan/Developer/ios-git/FelixFastCatch/FelixFastCatch/Login-header.h";
				SWIFT_VERSION = 3.0;
			};
			name = Release;
		};
/* End XCBuildConfiguration section */

/* Begin XCConfigurationList section */
		4D56250D1F2605A700515C98 /* Build configuration list for PBXProject "FelixFastCatch" */ = {
			isa = XCConfigurationList;
			buildConfigurations = (
				4D5625221F2605A700515C98 /* Debug */,
				4D5625231F2605A700515C98 /* Release */,
			);
			defaultConfigurationIsVisible = 0;
			defaultConfigurationName = Release;
		};
		4D5625241F2605A700515C98 /* Build configuration list for PBXNativeTarget "FelixFastCatch" */ = {
			isa = XCConfigurationList;
			buildConfigurations = (
				4D5625251F2605A700515C98 /* Debug */,
				4D5625261F2605A700515C98 /* Release */,
			);
			defaultConfigurationIsVisible = 0;
			defaultConfigurationName = Release;
		};
/* End XCConfigurationList section */
	};
	rootObject = 4D56250A1F2605A700515C98 /* Project object */;
}
