PODS:
  - AgoraRtcEngine_iOS (1.14.0)
  - Alamofire (4.5.1)
  - AlicloudFeedback (3.2.2):
    - AlicloudUT
    - AlicloudUtils
  - AlicloudUT (5.2.0.1):
    - AlicloudUTDID
  - AlicloudUTDID (1.1.0.16)
  - AlicloudUtils (1.2.2):
    - AlicloudUT
    - AlicloudUTDID
  - Bugly (2.4.8)
  - Kingfisher (4.3.1)
  - MJRefresh (3.1.15.1)
  - SnapKit (3.2.0)
  - Socket.IO-Client-Swift (13.0.1):
    - Starscream (~> 3.0.2)
  - Starscream (3.0.2)
  - SVProgressHUD (2.2.2)
  - SwiftyJSON (3.1.4)
  - UMengAnalytics-NO-IDFA (4.2.5)
  - WechatOpenSDK (1.8.0)

DEPENDENCIES:
  - AgoraRtcEngine_iOS
  - Alamofire (~> 4.4)
  - AlicloudFeedback (~> 3.2.0)
  - Bugly
  - Kingfisher (~> 4.0)
  - MJRefresh
  - SnapKit (~> 3.2.0)
  - Socket.IO-Client-Swift (~> 13.0.0)
  - SVProgressHUD
  - SwiftyJSON (~> 3.1.4)
  - UMengAnalytics-NO-IDFA
  - WechatOpenSDK

SPEC CHECKSUMS:
  AgoraRtcEngine_iOS: 942902e45104aa75579cd6d2b700357e5106a3cf
  Alamofire: 2d95912bf4c34f164fdfc335872e8c312acaea4a
  AlicloudFeedback: 0887b49a73d6fc172f4a986cae1f92ae4100341e
  AlicloudUT: 9f20dcfd2753de09261b6c279245da1650a34932
  AlicloudUTDID: f5a7bc1420c5f83e3bd40296e5ab2e5a804a12f8
  AlicloudUtils: 2437ae7fd2b39343539e8f48aa1f7bf6f5a6cff1
  Bugly: da3c02408c14838d498429320545a8e439392978
  Kingfisher: 75541c4b62f02e1fde6f9772303de3d9ebe8f5b3
  MJRefresh: 5f8552bc25ca8751c010f621c1098dbdaacbccd6
  SnapKit: 1ca44df72cfa543218d177cb8aab029d10d86ea7
  Socket.IO-Client-Swift: 7055c89b7a9926b343194c4cac75998329c4a95a
  Starscream: b512c62f6706421221b5ceb2ba01a9f58aca5bea
  SVProgressHUD: 59b2d3dabacbd051576d21d32293ca7228dc18b0
  SwiftyJSON: c2842d878f95482ffceec5709abc3d05680c0220
  UMengAnalytics-NO-IDFA: 16666e32edce5be44ae5b14aaaa7f3582e09d6ab
  WechatOpenSDK: 0ee07a8d492299d3e47372a33da5af26524a7576

PODFILE CHECKSUM: 3fe644d5cd60bbe6bce7d379cf9e2d606269b845

COCOAPODS: 1.2.1
